
Microsoft Visual Studio Solution File, Format Version 12.00
# Visual Studio Version 16
VisualStudioVersion = 16.0.29509.3
MinimumVisualStudioVersion = 10.0.40219.1
Project("{FAE04EC0-301F-11D3-BF4B-00C04F79EFBC}") = "_RK3", "_RK3\_RK3.csproj", "{DA9EFD11-7512-4E9A-B27D-D223085B1C81}"
EndProject
Global
	GlobalSection(SolutionConfigurationPlatforms) = preSolution
		Debug|Any CPU = Debug|Any CPU
		Release|Any CPU = Release|Any CPU
	EndGlobalSection
	GlobalSection(ProjectConfigurationPlatforms) = postSolution
		{DA9EFD11-7512-4E9A-B27D-D223085B1C81}.Debug|Any CPU.ActiveCfg = Debug|Any CPU
		{DA9EFD11-7512-4E9A-B27D-D223085B1C81}.Debug|Any CPU.Build.0 = Debug|Any CPU
		{DA9EFD11-7512-4E9A-B27D-D223085B1C81}.Release|Any CPU.ActiveCfg = Release|Any CPU
		{DA9EFD11-7512-4E9A-B27D-D223085B1C81}.Release|Any CPU.Build.0 = Release|Any CPU
	EndGlobalSection
	GlobalSection(SolutionProperties) = preSolution
		HideSolutionNode = FALSE
	EndGlobalSection
	GlobalSection(ExtensibilityGlobals) = postSolution
		SolutionGuid = {D2E18BAF-ECC2-4040-A3AA-D88C12AE2377}
	EndGlobalSection
EndGlobal
